
Microsoft Visual Studio Solution File, Format Version 12.00
# Visual Studio 15
VisualStudioVersion = 15.0.28307.329
MinimumVisualStudioVersion = 10.0.40219.1
Project("{FAE04EC0-301F-11D3-BF4B-00C04F79EFBC}") = "ExamenPatterns", "ExamenPatterns\ExamenPatterns.csproj", "{4237EA1C-BC5A-4A00-81BB-05C9595B8877}"
EndProject
Global
	GlobalSection(SolutionConfigurationPlatforms) = preSolution
		Debug|Any CPU = Debug|Any CPU
		Release|Any CPU = Release|Any CPU
	EndGlobalSection
	GlobalSection(ProjectConfigurationPlatforms) = postSolution
		{4237EA1C-BC5A-4A00-81BB-05C9595B8877}.Debug|Any CPU.ActiveCfg = Debug|Any CPU
		{4237EA1C-BC5A-4A00-81BB-05C9595B8877}.Debug|Any CPU.Build.0 = Debug|Any CPU
		{4237EA1C-BC5A-4A00-81BB-05C9595B8877}.Release|Any CPU.ActiveCfg = Release|Any CPU
		{4237EA1C-BC5A-4A00-81BB-05C9595B8877}.Release|Any CPU.Build.0 = Release|Any CPU
	EndGlobalSection
	GlobalSection(SolutionProperties) = preSolution
		HideSolutionNode = FALSE
	EndGlobalSection
	GlobalSection(ExtensibilityGlobals) = postSolution
		SolutionGuid = {DBD3546D-148C-452C-ABAB-2B438E5DD8F5}
	EndGlobalSection
EndGlobal
